
Microsoft Visual Studio Solution File, Format Version 12.00
# Visual Studio 2013
VisualStudioVersion = 12.0.20617.1 PREVIEW
MinimumVisualStudioVersion = 10.0.40219.1
Project("{FAE04EC0-301F-11D3-BF4B-00C04F79EFBC}") = "AdventureWorksSandbox", "AdventureWorksSandbox\AdventureWorksSandbox.csproj", "{9B90D84B-2117-4E8C-91DC-DDC248C97B41}"
EndProject
Project("{FAE04EC0-301F-11D3-BF4B-00C04F79EFBC}") = "AdventureWorksSandbox.Tests", "AdventureWorksSandbox.Tests\AdventureWorksSandbox.Tests.csproj", "{6195C9F1-B794-4483-B538-B47DE122D287}"
EndProject
Global
	GlobalSection(SolutionConfigurationPlatforms) = preSolution
		Debug|Any CPU = Debug|Any CPU
		Release|Any CPU = Release|Any CPU
	EndGlobalSection
	GlobalSection(ProjectConfigurationPlatforms) = postSolution
		{9B90D84B-2117-4E8C-91DC-DDC248C97B41}.Debug|Any CPU.ActiveCfg = Debug|Any CPU
		{9B90D84B-2117-4E8C-91DC-DDC248C97B41}.Debug|Any CPU.Build.0 = Debug|Any CPU
		{9B90D84B-2117-4E8C-91DC-DDC248C97B41}.Release|Any CPU.ActiveCfg = Release|Any CPU
		{9B90D84B-2117-4E8C-91DC-DDC248C97B41}.Release|Any CPU.Build.0 = Release|Any CPU
		{6195C9F1-B794-4483-B538-B47DE122D287}.Debug|Any CPU.ActiveCfg = Debug|Any CPU
		{6195C9F1-B794-4483-B538-B47DE122D287}.Debug|Any CPU.Build.0 = Debug|Any CPU
		{6195C9F1-B794-4483-B538-B47DE122D287}.Release|Any CPU.ActiveCfg = Release|Any CPU
		{6195C9F1-B794-4483-B538-B47DE122D287}.Release|Any CPU.Build.0 = Release|Any CPU
	EndGlobalSection
	GlobalSection(SolutionProperties) = preSolution
		HideSolutionNode = FALSE
	EndGlobalSection
EndGlobal
